
Microsoft Visual Studio Solution File, Format Version 12.00
# Visual Studio Version 16
VisualStudioVersion = 16.0.29326.143
MinimumVisualStudioVersion = 10.0.40219.1
Project("{FAE04EC0-301F-11D3-BF4B-00C04F79EFBC}") = "scorza.edoardo.4j.linked.listSimulation", "scorza.edoardo.4j.linked.listSimulation.csproj", "{9AFC08CF-9321-43A3-A031-84C4E3E1C254}"
EndProject
Global
	GlobalSection(SolutionConfigurationPlatforms) = preSolution
		Debug|Any CPU = Debug|Any CPU
		Release|Any CPU = Release|Any CPU
	EndGlobalSection
	GlobalSection(ProjectConfigurationPlatforms) = postSolution
		{9AFC08CF-9321-43A3-A031-84C4E3E1C254}.Debug|Any CPU.ActiveCfg = Debug|Any CPU
		{9AFC08CF-9321-43A3-A031-84C4E3E1C254}.Debug|Any CPU.Build.0 = Debug|Any CPU
		{9AFC08CF-9321-43A3-A031-84C4E3E1C254}.Release|Any CPU.ActiveCfg = Release|Any CPU
		{9AFC08CF-9321-43A3-A031-84C4E3E1C254}.Release|Any CPU.Build.0 = Release|Any CPU
	EndGlobalSection
	GlobalSection(SolutionProperties) = preSolution
		HideSolutionNode = FALSE
	EndGlobalSection
	GlobalSection(ExtensibilityGlobals) = postSolution
		SolutionGuid = {30084AE7-1FDF-4EE6-8F12-5F11848974FD}
	EndGlobalSection
EndGlobal
